# This file is autogenerated, do not edit; changes may be undone by the next 'dep ensure'.


[[projects]]
  name = "github.com/PuerkitoBio/goquery"
  packages = ["."]
  revision = "61aa1975b1f7856927c526b0e0cd8c8b3a3030d0"

[[projects]]
  branch = "master"
  name = "github.com/Toyz/GoHaven"
  packages = ["."]
  revision = "05248d5e480d7620047e45eec1ce0bbbb351b028"

[[projects]]
  name = "github.com/andybalholm/cascadia"
  packages = ["."]
  revision = "901648c87902174f774fac311d7f176f8647bdaa"
  version = "v1.0.0"

[[projects]]
  branch = "master"
  name = "github.com/julienschmidt/httprouter"
  packages = ["."]
  revision = "d1898390779332322e6b5ca5011da4bf249bb056"

[[projects]]
  branch = "master"
  name = "github.com/mewkiz/pkg"
  packages = [
    "errutil",
    "term"
  ]
  revision = "c19a6f9fa6f8bc8710e243710ee205c13688b998"

[[projects]]
  branch = "master"
  name = "golang.org/x/net"
  packages = [
    "html",
    "html/atom"
  ]
  revision = "6078986fec03a1dcc236c34816c71b0e05018fda"

[solve-meta]
  analyzer-name = "dep"
  analyzer-version = 1
  inputs-digest = "0d068702727afa7bdd41ad0559a4cb47eb755f95c828892dc9de316f4a017431"
  solver-name = "gps-cdcl"
  solver-version = 1
